// !$*UTF8*$!
{
	archiveVersion = 1;
	classes = {
	};
	objectVersion = 50;
	objects = {

/* Begin PBXBuildFile section */
		0918E6C6586B5EE1126FF8C1 /* Pods_testSplash.framework in Frameworks */ = {isa = PBXBuildFile; fileRef = 565E113D1192C429DEE605ED /* Pods_testSplash.framework */; };
		644F1EED256436C200E75935 /* AppDelegate.swift in Sources */ = {isa = PBXBuildFile; fileRef = 644F1EEC256436C200E75935 /* AppDelegate.swift */; };
		644F1EEF256436C200E75935 /* SceneDelegate.swift in Sources */ = {isa = PBXBuildFile; fileRef = 644F1EEE256436C200E75935 /* SceneDelegate.swift */; };
		644F1EF1256436C200E75935 /* MainViewController.swift in Sources */ = {isa = PBXBuildFile; fileRef = 644F1EF0256436C200E75935 /* MainViewController.swift */; };
		644F1EF4256436C200E75935 /* Main.storyboard in Resources */ = {isa = PBXBuildFile; fileRef = 644F1EF2256436C200E75935 /* Main.storyboard */; };
		644F1EF6256436C400E75935 /* Assets.xcassets in Resources */ = {isa = PBXBuildFile; fileRef = 644F1EF5256436C400E75935 /* Assets.xcassets */; };
		644F1EF9256436C400E75935 /* LaunchScreen.storyboard in Resources */ = {isa = PBXBuildFile; fileRef = 644F1EF7256436C400E75935 /* LaunchScreen.storyboard */; };
		644F1F03256436F700E75935 /* 695-bouncy-mapmaker.json in Resources */ = {isa = PBXBuildFile; fileRef = 644F1F02256436F700E75935 /* 695-bouncy-mapmaker.json */; };
/* End PBXBuildFile section */

/* Begin PBXFileReference section */
		3707B6BBA37BADB1F2F497E3 /* Pods-testSplash.release.xcconfig */ = {isa = PBXFileReference; includeInIndex = 1; lastKnownFileType = text.xcconfig; name = "Pods-testSplash.release.xcconfig"; path = "Target Support Files/Pods-testSplash/Pods-testSplash.release.xcconfig"; sourceTree = "<group>"; };
		54905041DD3279327DB6D474 /* Pods-testSplash.debug.xcconfig */ = {isa = PBXFileReference; includeInIndex = 1; lastKnownFileType = text.xcconfig; name = "Pods-testSplash.debug.xcconfig"; path = "Target Support Files/Pods-testSplash/Pods-testSplash.debug.xcconfig"; sourceTree = "<group>"; };
		565E113D1192C429DEE605ED /* Pods_testSplash.framework */ = {isa = PBXFileReference; explicitFileType = wrapper.framework; includeInIndex = 0; path = Pods_testSplash.framework; sourceTree = BUILT_PRODUCTS_DIR; };
		644F1EE9256436C200E75935 /* testSplash.app */ = {isa = PBXFileReference; explicitFileType = wrapper.application; includeInIndex = 0; path = testSplash.app; sourceTree = BUILT_PRODUCTS_DIR; };
		644F1EEC256436C200E75935 /* AppDelegate.swift */ = {isa = PBXFileReference; lastKnownFileType = sourcecode.swift; path = AppDelegate.swift; sourceTree = "<group>"; };
		644F1EEE256436C200E75935 /* SceneDelegate.swift */ = {isa = PBXFileReference; lastKnownFileType = sourcecode.swift; path = SceneDelegate.swift; sourceTree = "<group>"; };
		644F1EF0256436C200E75935 /* MainViewController.swift */ = {isa = PBXFileReference; lastKnownFileType = sourcecode.swift; path = MainViewController.swift; sourceTree = "<group>"; };
		644F1EF3256436C200E75935 /* Base */ = {isa = PBXFileReference; lastKnownFileType = file.storyboard; name = Base; path = Base.lproj/Main.storyboard; sourceTree = "<group>"; };
		644F1EF5256436C400E75935 /* Assets.xcassets */ = {isa = PBXFileReference; lastKnownFileType = folder.assetcatalog; path = Assets.xcassets; sourceTree = "<group>"; };
		644F1EF8256436C400E75935 /* Base */ = {isa = PBXFileReference; lastKnownFileType = file.storyboard; name = Base; path = Base.lproj/LaunchScreen.storyboard; sourceTree = "<group>"; };
		644F1EFA256436C400E75935 /* Info.plist */ = {isa = PBXFileReference; lastKnownFileType = text.plist.xml; path = Info.plist; sourceTree = "<group>"; };
		644F1F02256436F700E75935 /* 695-bouncy-mapmaker.json */ = {isa = PBXFileReference; fileEncoding = 4; lastKnownFileType = text.json; path = "695-bouncy-mapmaker.json"; sourceTree = "<group>"; };
/* End PBXFileReference section */

/* Begin PBXFrameworksBuildPhase section */
		644F1EE6256436C200E75935 /* Frameworks */ = {
			isa = PBXFrameworksBuildPhase;
			buildActionMask = 2147483647;
			files = (
				0918E6C6586B5EE1126FF8C1 /* Pods_testSplash.framework in Frameworks */,
			);
			runOnlyForDeploymentPostprocessing = 0;
		};
/* End PBXFrameworksBuildPhase section */

/* Begin PBXGroup section */
		644F1EE0256436C200E75935 = {
			isa = PBXGroup;
			children = (
				644F1EEB256436C200E75935 /* testSplash */,
				644F1EEA256436C200E75935 /* Products */,
				996B387D0F3DB57F4C710969 /* Pods */,
				C78FF350B44AA46B7B734FEC /* Frameworks */,
			);
			sourceTree = "<group>";
		};
		644F1EEA256436C200E75935 /* Products */ = {
			isa = PBXGroup;
			children = (
				644F1EE9256436C200E75935 /* testSplash.app */,
			);
			name = Products;
			sourceTree = "<group>";
		};
		644F1EEB256436C200E75935 /* testSplash */ = {
			isa = PBXGroup;
			children = (
				644F1F02256436F700E75935 /* 695-bouncy-mapmaker.json */,
				644F1F01256436CF00E75935 /* ViewControllers */,
				644F1EEC256436C200E75935 /* AppDelegate.swift */,
				644F1EEE256436C200E75935 /* SceneDelegate.swift */,
				644F1EF2256436C200E75935 /* Main.storyboard */,
				644F1EF5256436C400E75935 /* Assets.xcassets */,
				644F1EF7256436C400E75935 /* LaunchScreen.storyboard */,
				644F1EFA256436C400E75935 /* Info.plist */,
			);
			path = testSplash;
			sourceTree = "<group>";
		};
		644F1F01256436CF00E75935 /* ViewControllers */ = {
			isa = PBXGroup;
			children = (
				644F1EF0256436C200E75935 /* MainViewController.swift */,
			);
			path = ViewControllers;
			sourceTree = "<group>";
		};
		996B387D0F3DB57F4C710969 /* Pods */ = {
			isa = PBXGroup;
			children = (
				54905041DD3279327DB6D474 /* Pods-testSplash.debug.xcconfig */,
				3707B6BBA37BADB1F2F497E3 /* Pods-testSplash.release.xcconfig */,
			);
			name = Pods;
			path = Pods;
			sourceTree = "<group>";
		};
		C78FF350B44AA46B7B734FEC /* Frameworks */ = {
			isa = PBXGroup;
			children = (
				565E113D1192C429DEE605ED /* Pods_testSplash.framework */,
			);
			name = Frameworks;
			sourceTree = "<group>";
		};
/* End PBXGroup section */

/* Begin PBXNativeTarget section */
		644F1EE8256436C200E75935 /* testSplash */ = {
			isa = PBXNativeTarget;
			buildConfigurationList = 644F1EFD256436C400E75935 /* Build configuration list for PBXNativeTarget "testSplash" */;
			buildPhases = (
				AE4B932A534CC64877235302 /* [CP] Check Pods Manifest.lock */,
				644F1EE5256436C200E75935 /* Sources */,
				644F1EE6256436C200E75935 /* Frameworks */,
				644F1EE7256436C200E75935 /* Resources */,
				F0171AC00EF019B9546988AD /* [CP] Embed Pods Frameworks */,
			);
			buildRules = (
			);
			dependencies = (
			);
			name = testSplash;
			productName = testSplash;
			productReference = 644F1EE9256436C200E75935 /* testSplash.app */;
			productType = "com.apple.product-type.application";
		};
/* End PBXNativeTarget section */

/* Begin PBXProject section */
		644F1EE1256436C200E75935 /* Project object */ = {
			isa = PBXProject;
			attributes = {
				LastSwiftUpdateCheck = 1220;
				LastUpgradeCheck = 1220;
				TargetAttributes = {
					644F1EE8256436C200E75935 = {
						CreatedOnToolsVersion = 12.2;
					};
				};
			};
			buildConfigurationList = 644F1EE4256436C200E75935 /* Build configuration list for PBXProject "testSplash" */;
			compatibilityVersion = "Xcode 9.3";
			developmentRegion = en;
			hasScannedForEncodings = 0;
			knownRegions = (
				en,
				Base,
			);
			mainGroup = 644F1EE0256436C200E75935;
			productRefGroup = 644F1EEA256436C200E75935 /* Products */;
			projectDirPath = "";
			projectRoot = "";
			targets = (
				644F1EE8256436C200E75935 /* testSplash */,
			);
		};
/* End PBXProject section */

/* Begin PBXResourcesBuildPhase section */
		644F1EE7256436C200E75935 /* Resources */ = {
			isa = PBXResourcesBuildPhase;
			buildActionMask = 2147483647;
			files = (
				644F1F03256436F700E75935 /* 695-bouncy-mapmaker.json in Resources */,
				644F1EF9256436C400E75935 /* LaunchScreen.storyboard in Resources */,
				644F1EF6256436C400E75935 /* Assets.xcassets in Resources */,
				644F1EF4256436C200E75935 /* Main.storyboard in Resources */,
			);
			runOnlyForDeploymentPostprocessing = 0;
		};
/* End PBXResourcesBuildPhase section */

/* Begin PBXShellScriptBuildPhase section */
		AE4B932A534CC64877235302 /* [CP] Check Pods Manifest.lock */ = {
			isa = PBXShellScriptBuildPhase;
			buildActionMask = 2147483647;
			files = (
			);
			inputFileListPaths = (
			);
			inputPaths = (
				"${PODS_PODFILE_DIR_PATH}/Podfile.lock",
				"${PODS_ROOT}/Manifest.lock",
			);
			name = "[CP] Check Pods Manifest.lock";
			outputFileListPaths = (
			);
			outputPaths = (
				"$(DERIVED_FILE_DIR)/Pods-testSplash-checkManifestLockResult.txt",
			);
			runOnlyForDeploymentPostprocessing = 0;
			shellPath = /bin/sh;
			shellScript = "diff \"${PODS_PODFILE_DIR_PATH}/Podfile.lock\" \"${PODS_ROOT}/Manifest.lock\" > /dev/null\nif [ $? != 0 ] ; then\n    # print error to STDERR\n    echo \"error: The sandbox is not in sync with the Podfile.lock. Run 'pod install' or update your CocoaPods installation.\" >&2\n    exit 1\nfi\n# This output is used by Xcode 'outputs' to avoid re-running this script phase.\necho \"SUCCESS\" > \"${SCRIPT_OUTPUT_FILE_0}\"\n";
			showEnvVarsInLog = 0;
		};
		F0171AC00EF019B9546988AD /* [CP] Embed Pods Frameworks */ = {
			isa = PBXShellScriptBuildPhase;
			buildActionMask = 2147483647;
			files = (
			);
			inputFileListPaths = (
				"${PODS_ROOT}/Target Support Files/Pods-testSplash/Pods-testSplash-frameworks-${CONFIGURATION}-input-files.xcfilelist",
			);
			name = "[CP] Embed Pods Frameworks";
			outputFileListPaths = (
				"${PODS_ROOT}/Target Support Files/Pods-testSplash/Pods-testSplash-frameworks-${CONFIGURATION}-output-files.xcfilelist",
			);
			runOnlyForDeploymentPostprocessing = 0;
			shellPath = /bin/sh;
			shellScript = "\"${PODS_ROOT}/Target Support Files/Pods-testSplash/Pods-testSplash-frameworks.sh\"\n";
			showEnvVarsInLog = 0;
		};
/* End PBXShellScriptBuildPhase section */

/* Begin PBXSourcesBuildPhase section */
		644F1EE5256436C200E75935 /* Sources */ = {
			isa = PBXSourcesBuildPhase;
			buildActionMask = 2147483647;
			files = (
				644F1EF1256436C200E75935 /* MainViewController.swift in Sources */,
				644F1EED256436C200E75935 /* AppDelegate.swift in Sources */,
				644F1EEF256436C200E75935 /* SceneDelegate.swift in Sources */,
			);
			runOnlyForDeploymentPostprocessing = 0;
		};
/* End PBXSourcesBuildPhase section */

/* Begin PBXVariantGroup section */
		644F1EF2256436C200E75935 /* Main.storyboard */ = {
			isa = PBXVariantGroup;
			children = (
				644F1EF3256436C200E75935 /* Base */,
			);
			name = Main.storyboard;
			sourceTree = "<group>";
		};
		644F1EF7256436C400E75935 /* LaunchScreen.storyboard */ = {
			isa = PBXVariantGroup;
			children = (
				644F1EF8256436C400E75935 /* Base */,
			);
			name = LaunchScreen.storyboard;
			sourceTree = "<group>";
		};
/* End PBXVariantGroup section */

/* Begin XCBuildConfiguration section */
		644F1EFB256436C400E75935 /* Debug */ = {
			isa = XCBuildConfiguration;
			buildSettings = {
				ALWAYS_SEARCH_USER_PATHS = NO;
				CLANG_ANALYZER_NONNULL = YES;
				CLANG_ANALYZER_NUMBER_OBJECT_CONVERSION = YES_AGGRESSIVE;
				CLANG_CXX_LANGUAGE_STANDARD = "gnu++14";
				CLANG_CXX_LIBRARY = "libc++";
				CLANG_ENABLE_MODULES = YES;
				CLANG_ENABLE_OBJC_ARC = YES;
				CLANG_ENABLE_OBJC_WEAK = YES;
				CLANG_WARN_BLOCK_CAPTURE_AUTORELEASING = YES;
				CLANG_WARN_BOOL_CONVERSION = YES;
				CLANG_WARN_COMMA = YES;
				CLANG_WARN_CONSTANT_CONVERSION = YES;
				CLANG_WARN_DEPRECATED_OBJC_IMPLEMENTATIONS = YES;
				CLANG_WARN_DIRECT_OBJC_ISA_USAGE = YES_ERROR;
				CLANG_WARN_DOCUMENTATION_COMMENTS = YES;
				CLANG_WARN_EMPTY_BODY = YES;
				CLANG_WARN_ENUM_CONVERSION = YES;
				CLANG_WARN_INFINITE_RECURSION = YES;
				CLANG_WARN_INT_CONVERSION = YES;
				CLANG_WARN_NON_LITERAL_NULL_CONVERSION = YES;
				CLANG_WARN_OBJC_IMPLICIT_RETAIN_SELF = YES;
				CLANG_WARN_OBJC_LITERAL_CONVERSION = YES;
				CLANG_WARN_OBJC_ROOT_CLASS = YES_ERROR;
				CLANG_WARN_QUOTED_INCLUDE_IN_FRAMEWORK_HEADER = YES;
				CLANG_WARN_RANGE_LOOP_ANALYSIS = YES;
				CLANG_WARN_STRICT_PROTOTYPES = YES;
				CLANG_WARN_SUSPICIOUS_MOVE = YES;
				CLANG_WARN_UNGUARDED_AVAILABILITY = YES_AGGRESSIVE;
				CLANG_WARN_UNREACHABLE_CODE = YES;
				CLANG_WARN__DUPLICATE_METHOD_MATCH = YES;
				COPY_PHASE_STRIP = NO;
				DEBUG_INFORMATION_FORMAT = dwarf;
				ENABLE_STRICT_OBJC_MSGSEND = YES;
				ENABLE_TESTABILITY = YES;
				GCC_C_LANGUAGE_STANDARD = gnu11;
				GCC_DYNAMIC_NO_PIC = NO;
				GCC_NO_COMMON_BLOCKS = YES;
				GCC_OPTIMIZATION_LEVEL = 0;
				GCC_PREPROCESSOR_DEFINITIONS = (
					"DEBUG=1",
					"$(inherited)",
				);
				GCC_WARN_64_TO_32_BIT_CONVERSION = YES;
				GCC_WARN_ABOUT_RETURN_TYPE = YES_ERROR;
				GCC_WARN_UNDECLARED_SELECTOR = YES;
				GCC_WARN_UNINITIALIZED_AUTOS = YES_AGGRESSIVE;
				GCC_WARN_UNUSED_FUNCTION = YES;
				GCC_WARN_UNUSED_VARIABLE = YES;
				IPHONEOS_DEPLOYMENT_TARGET = 14.2;
				MTL_ENABLE_DEBUG_INFO = INCLUDE_SOURCE;
				MTL_FAST_MATH = YES;
				ONLY_ACTIVE_ARCH = YES;
				SDKROOT = iphoneos;
				SWIFT_ACTIVE_COMPILATION_CONDITIONS = DEBUG;
				SWIFT_OPTIMIZATION_LEVEL = "-Onone";
			};
			name = Debug;
		};
		644F1EFC256436C400E75935 /* Release */ = {
			isa = XCBuildConfiguration;
			buildSettings = {
				ALWAYS_SEARCH_USER_PATHS = NO;
				CLANG_ANALYZER_NONNULL = YES;
				CLANG_ANALYZER_NUMBER_OBJECT_CONVERSION = YES_AGGRESSIVE;
				CLANG_CXX_LANGUAGE_STANDARD = "gnu++14";
				CLANG_CXX_LIBRARY = "libc++";
				CLANG_ENABLE_MODULES = YES;
				CLANG_ENABLE_OBJC_ARC = YES;
				CLANG_ENABLE_OBJC_WEAK = YES;
				CLANG_WARN_BLOCK_CAPTURE_AUTORELEASING = YES;
				CLANG_WARN_BOOL_CONVERSION = YES;
				CLANG_WARN_COMMA = YES;
				CLANG_WARN_CONSTANT_CONVERSION = YES;
				CLANG_WARN_DEPRECATED_OBJC_IMPLEMENTATIONS = YES;
				CLANG_WARN_DIRECT_OBJC_ISA_USAGE = YES_ERROR;
				CLANG_WARN_DOCUMENTATION_COMMENTS = YES;
				CLANG_WARN_EMPTY_BODY = YES;
				CLANG_WARN_ENUM_CONVERSION = YES;
				CLANG_WARN_INFINITE_RECURSION = YES;
				CLANG_WARN_INT_CONVERSION = YES;
				CLANG_WARN_NON_LITERAL_NULL_CONVERSION = YES;
				CLANG_WARN_OBJC_IMPLICIT_RETAIN_SELF = YES;
				CLANG_WARN_OBJC_LITERAL_CONVERSION = YES;
				CLANG_WARN_OBJC_ROOT_CLASS = YES_ERROR;
				CLANG_WARN_QUOTED_INCLUDE_IN_FRAMEWORK_HEADER = YES;
				CLANG_WARN_RANGE_LOOP_ANALYSIS = YES;
				CLANG_WARN_STRICT_PROTOTYPES = YES;
				CLANG_WARN_SUSPICIOUS_MOVE = YES;
				CLANG_WARN_UNGUARDED_AVAILABILITY = YES_AGGRESSIVE;
				CLANG_WARN_UNREACHABLE_CODE = YES;
				CLANG_WARN__DUPLICATE_METHOD_MATCH = YES;
				COPY_PHASE_STRIP = NO;
				DEBUG_INFORMATION_FORMAT = "dwarf-with-dsym";
				ENABLE_NS_ASSERTIONS = NO;
				ENABLE_STRICT_OBJC_MSGSEND = YES;
				GCC_C_LANGUAGE_STANDARD = gnu11;
				GCC_NO_COMMON_BLOCKS = YES;
				GCC_WARN_64_TO_32_BIT_CONVERSION = YES;
				GCC_WARN_ABOUT_RETURN_TYPE = YES_ERROR;
				GCC_WARN_UNDECLARED_SELECTOR = YES;
				GCC_WARN_UNINITIALIZED_AUTOS = YES_AGGRESSIVE;
				GCC_WARN_UNUSED_FUNCTION = YES;
				GCC_WARN_UNUSED_VARIABLE = YES;
				IPHONEOS_DEPLOYMENT_TARGET = 14.2;
				MTL_ENABLE_DEBUG_INFO = NO;
				MTL_FAST_MATH = YES;
				SDKROOT = iphoneos;
				SWIFT_COMPILATION_MODE = wholemodule;
				SWIFT_OPTIMIZATION_LEVEL = "-O";
				VALIDATE_PRODUCT = YES;
			};
			name = Release;
		};
		644F1EFE256436C400E75935 /* Debug */ = {
			isa = XCBuildConfiguration;
			baseConfigurationReference = 54905041DD3279327DB6D474 /* Pods-testSplash.debug.xcconfig */;
			buildSettings = {
				ASSETCATALOG_COMPILER_APPICON_NAME = AppIcon;
				ASSETCATALOG_COMPILER_GLOBAL_ACCENT_COLOR_NAME = AccentColor;
				CODE_SIGN_STYLE = Automatic;
				INFOPLIST_FILE = testSplash/Info.plist;
				LD_RUNPATH_SEARCH_PATHS = (
					"$(inherited)",
					"@executable_path/Frameworks",
				);
				PRODUCT_BUNDLE_IDENTIFIER = com.tango.testSplash;
				PRODUCT_NAME = "$(TARGET_NAME)";
				SWIFT_VERSION = 5.0;
				TARGETED_DEVICE_FAMILY = "1,2";
			};
			name = Debug;
		};
		644F1EFF256436C400E75935 /* Release */ = {
			isa = XCBuildConfiguration;
			baseConfigurationReference = 3707B6BBA37BADB1F2F497E3 /* Pods-testSplash.release.xcconfig */;
			buildSettings = {
				ASSETCATALOG_COMPILER_APPICON_NAME = AppIcon;
				ASSETCATALOG_COMPILER_GLOBAL_ACCENT_COLOR_NAME = AccentColor;
				CODE_SIGN_STYLE = Automatic;
				INFOPLIST_FILE = testSplash/Info.plist;
				LD_RUNPATH_SEARCH_PATHS = (
					"$(inherited)",
					"@executable_path/Frameworks",
				);
				PRODUCT_BUNDLE_IDENTIFIER = com.tango.testSplash;
				PRODUCT_NAME = "$(TARGET_NAME)";
				SWIFT_VERSION = 5.0;
				TARGETED_DEVICE_FAMILY = "1,2";
			};
			name = Release;
		};
/* End XCBuildConfiguration section */

/* Begin XCConfigurationList section */
		644F1EE4256436C200E75935 /* Build configuration list for PBXProject "testSplash" */ = {
			isa = XCConfigurationList;
			buildConfigurations = (
				644F1EFB256436C400E75935 /* Debug */,
				644F1EFC256436C400E75935 /* Release */,
			);
			defaultConfigurationIsVisible = 0;
			defaultConfigurationName = Release;
		};
		644F1EFD256436C400E75935 /* Build configuration list for PBXNativeTarget "testSplash" */ = {
			isa = XCConfigurationList;
			buildConfigurations = (
				644F1EFE256436C400E75935 /* Debug */,
				644F1EFF256436C400E75935 /* Release */,
			);
			defaultConfigurationIsVisible = 0;
			defaultConfigurationName = Release;
		};
/* End XCConfigurationList section */
	};
	rootObject = 644F1EE1256436C200E75935 /* Project object */;
}
