// !$*UTF8*$!
{
	archiveVersion = 1;
	classes = {
	};
	objectVersion = 50;
	objects = {

/* Begin PBXBuildFile section */
		6436912C2562336B005C448D /* iDineApp.swift in Sources */ = {isa = PBXBuildFile; fileRef = 6436912B2562336B005C448D /* iDineApp.swift */; };
		6436912E2562336B005C448D /* ContentView.swift in Sources */ = {isa = PBXBuildFile; fileRef = 6436912D2562336B005C448D /* ContentView.swift */; };
		643691302562336C005C448D /* Assets.xcassets in Resources */ = {isa = PBXBuildFile; fileRef = 6436912F2562336C005C448D /* Assets.xcassets */; };
		643691332562336C005C448D /* Preview Assets.xcassets in Resources */ = {isa = PBXBuildFile; fileRef = 643691322562336C005C448D /* Preview Assets.xcassets */; };
		6436913E2562336C005C448D /* iDineTests.swift in Sources */ = {isa = PBXBuildFile; fileRef = 6436913D2562336C005C448D /* iDineTests.swift */; };
		643691492562336C005C448D /* iDineUITests.swift in Sources */ = {isa = PBXBuildFile; fileRef = 643691482562336C005C448D /* iDineUITests.swift */; };
		6436915E25623571005C448D /* menu.json in Resources */ = {isa = PBXBuildFile; fileRef = 6436915925623570005C448D /* menu.json */; };
		6436916025623571005C448D /* Menu.swift in Sources */ = {isa = PBXBuildFile; fileRef = 6436915B25623571005C448D /* Menu.swift */; };
		6436916125623571005C448D /* Helper.swift in Sources */ = {isa = PBXBuildFile; fileRef = 6436915C25623571005C448D /* Helper.swift */; };
		6436916225623571005C448D /* Order.swift in Sources */ = {isa = PBXBuildFile; fileRef = 6436915D25623571005C448D /* Order.swift */; };
		6436916A25623ECE005C448D /* ItemRow.swift in Sources */ = {isa = PBXBuildFile; fileRef = 6436916925623ECE005C448D /* ItemRow.swift */; };
		6436916F25624337005C448D /* ItemDetail.swift in Sources */ = {isa = PBXBuildFile; fileRef = 6436916E25624337005C448D /* ItemDetail.swift */; };
		64369174256247B2005C448D /* OrderView.swift in Sources */ = {isa = PBXBuildFile; fileRef = 64369173256247B2005C448D /* OrderView.swift */; };
		643691792562487D005C448D /* AppView.swift in Sources */ = {isa = PBXBuildFile; fileRef = 643691782562487D005C448D /* AppView.swift */; };
		6436917E25624BA5005C448D /* CheckoutView.swift in Sources */ = {isa = PBXBuildFile; fileRef = 6436917D25624BA5005C448D /* CheckoutView.swift */; };
/* End PBXBuildFile section */

/* Begin PBXContainerItemProxy section */
		6436913A2562336C005C448D /* PBXContainerItemProxy */ = {
			isa = PBXContainerItemProxy;
			containerPortal = 643691202562336A005C448D /* Project object */;
			proxyType = 1;
			remoteGlobalIDString = 643691272562336A005C448D;
			remoteInfo = iDine;
		};
		643691452562336C005C448D /* PBXContainerItemProxy */ = {
			isa = PBXContainerItemProxy;
			containerPortal = 643691202562336A005C448D /* Project object */;
			proxyType = 1;
			remoteGlobalIDString = 643691272562336A005C448D;
			remoteInfo = iDine;
		};
/* End PBXContainerItemProxy section */

/* Begin PBXFileReference section */
		643691282562336B005C448D /* iDine.app */ = {isa = PBXFileReference; explicitFileType = wrapper.application; includeInIndex = 0; path = iDine.app; sourceTree = BUILT_PRODUCTS_DIR; };
		6436912B2562336B005C448D /* iDineApp.swift */ = {isa = PBXFileReference; lastKnownFileType = sourcecode.swift; path = iDineApp.swift; sourceTree = "<group>"; };
		6436912D2562336B005C448D /* ContentView.swift */ = {isa = PBXFileReference; lastKnownFileType = sourcecode.swift; path = ContentView.swift; sourceTree = "<group>"; };
		6436912F2562336C005C448D /* Assets.xcassets */ = {isa = PBXFileReference; lastKnownFileType = folder.assetcatalog; path = Assets.xcassets; sourceTree = "<group>"; };
		643691322562336C005C448D /* Preview Assets.xcassets */ = {isa = PBXFileReference; lastKnownFileType = folder.assetcatalog; path = "Preview Assets.xcassets"; sourceTree = "<group>"; };
		643691342562336C005C448D /* Info.plist */ = {isa = PBXFileReference; lastKnownFileType = text.plist.xml; path = Info.plist; sourceTree = "<group>"; };
		643691392562336C005C448D /* iDineTests.xctest */ = {isa = PBXFileReference; explicitFileType = wrapper.cfbundle; includeInIndex = 0; path = iDineTests.xctest; sourceTree = BUILT_PRODUCTS_DIR; };
		6436913D2562336C005C448D /* iDineTests.swift */ = {isa = PBXFileReference; lastKnownFileType = sourcecode.swift; path = iDineTests.swift; sourceTree = "<group>"; };
		6436913F2562336C005C448D /* Info.plist */ = {isa = PBXFileReference; lastKnownFileType = text.plist.xml; path = Info.plist; sourceTree = "<group>"; };
		643691442562336C005C448D /* iDineUITests.xctest */ = {isa = PBXFileReference; explicitFileType = wrapper.cfbundle; includeInIndex = 0; path = iDineUITests.xctest; sourceTree = BUILT_PRODUCTS_DIR; };
		643691482562336C005C448D /* iDineUITests.swift */ = {isa = PBXFileReference; lastKnownFileType = sourcecode.swift; path = iDineUITests.swift; sourceTree = "<group>"; };
		6436914A2562336C005C448D /* Info.plist */ = {isa = PBXFileReference; lastKnownFileType = text.plist.xml; path = Info.plist; sourceTree = "<group>"; };
		6436915925623570005C448D /* menu.json */ = {isa = PBXFileReference; fileEncoding = 4; lastKnownFileType = text.json; path = menu.json; sourceTree = "<group>"; };
		6436915B25623571005C448D /* Menu.swift */ = {isa = PBXFileReference; fileEncoding = 4; lastKnownFileType = sourcecode.swift; path = Menu.swift; sourceTree = "<group>"; };
		6436915C25623571005C448D /* Helper.swift */ = {isa = PBXFileReference; fileEncoding = 4; lastKnownFileType = sourcecode.swift; path = Helper.swift; sourceTree = "<group>"; };
		6436915D25623571005C448D /* Order.swift */ = {isa = PBXFileReference; fileEncoding = 4; lastKnownFileType = sourcecode.swift; path = Order.swift; sourceTree = "<group>"; };
		6436916925623ECE005C448D /* ItemRow.swift */ = {isa = PBXFileReference; lastKnownFileType = sourcecode.swift; path = ItemRow.swift; sourceTree = "<group>"; };
		6436916E25624337005C448D /* ItemDetail.swift */ = {isa = PBXFileReference; lastKnownFileType = sourcecode.swift; path = ItemDetail.swift; sourceTree = "<group>"; };
		64369173256247B2005C448D /* OrderView.swift */ = {isa = PBXFileReference; lastKnownFileType = sourcecode.swift; path = OrderView.swift; sourceTree = "<group>"; };
		643691782562487D005C448D /* AppView.swift */ = {isa = PBXFileReference; lastKnownFileType = sourcecode.swift; path = AppView.swift; sourceTree = "<group>"; };
		6436917D25624BA5005C448D /* CheckoutView.swift */ = {isa = PBXFileReference; lastKnownFileType = sourcecode.swift; path = CheckoutView.swift; sourceTree = "<group>"; };
/* End PBXFileReference section */

/* Begin PBXFrameworksBuildPhase section */
		643691252562336A005C448D /* Frameworks */ = {
			isa = PBXFrameworksBuildPhase;
			buildActionMask = 2147483647;
			files = (
			);
			runOnlyForDeploymentPostprocessing = 0;
		};
		643691362562336C005C448D /* Frameworks */ = {
			isa = PBXFrameworksBuildPhase;
			buildActionMask = 2147483647;
			files = (
			);
			runOnlyForDeploymentPostprocessing = 0;
		};
		643691412562336C005C448D /* Frameworks */ = {
			isa = PBXFrameworksBuildPhase;
			buildActionMask = 2147483647;
			files = (
			);
			runOnlyForDeploymentPostprocessing = 0;
		};
/* End PBXFrameworksBuildPhase section */

/* Begin PBXGroup section */
		6436911F2562336A005C448D = {
			isa = PBXGroup;
			children = (
				6436912A2562336B005C448D /* iDine */,
				6436913C2562336C005C448D /* iDineTests */,
				643691472562336C005C448D /* iDineUITests */,
				643691292562336B005C448D /* Products */,
			);
			sourceTree = "<group>";
		};
		643691292562336B005C448D /* Products */ = {
			isa = PBXGroup;
			children = (
				643691282562336B005C448D /* iDine.app */,
				643691392562336C005C448D /* iDineTests.xctest */,
				643691442562336C005C448D /* iDineUITests.xctest */,
			);
			name = Products;
			sourceTree = "<group>";
		};
		6436912A2562336B005C448D /* iDine */ = {
			isa = PBXGroup;
			children = (
				6436912B2562336B005C448D /* iDineApp.swift */,
				6436915C25623571005C448D /* Helper.swift */,
				6436915925623570005C448D /* menu.json */,
				6436915B25623571005C448D /* Menu.swift */,
				6436915D25623571005C448D /* Order.swift */,
				6436912D2562336B005C448D /* ContentView.swift */,
				6436916925623ECE005C448D /* ItemRow.swift */,
				6436916E25624337005C448D /* ItemDetail.swift */,
				64369173256247B2005C448D /* OrderView.swift */,
				643691782562487D005C448D /* AppView.swift */,
				6436917D25624BA5005C448D /* CheckoutView.swift */,
				6436912F2562336C005C448D /* Assets.xcassets */,
				643691342562336C005C448D /* Info.plist */,
				643691312562336C005C448D /* Preview Content */,
			);
			path = iDine;
			sourceTree = "<group>";
		};
		643691312562336C005C448D /* Preview Content */ = {
			isa = PBXGroup;
			children = (
				643691322562336C005C448D /* Preview Assets.xcassets */,
			);
			path = "Preview Content";
			sourceTree = "<group>";
		};
		6436913C2562336C005C448D /* iDineTests */ = {
			isa = PBXGroup;
			children = (
				6436913D2562336C005C448D /* iDineTests.swift */,
				6436913F2562336C005C448D /* Info.plist */,
			);
			path = iDineTests;
			sourceTree = "<group>";
		};
		643691472562336C005C448D /* iDineUITests */ = {
			isa = PBXGroup;
			children = (
				643691482562336C005C448D /* iDineUITests.swift */,
				6436914A2562336C005C448D /* Info.plist */,
			);
			path = iDineUITests;
			sourceTree = "<group>";
		};
/* End PBXGroup section */

/* Begin PBXNativeTarget section */
		643691272562336A005C448D /* iDine */ = {
			isa = PBXNativeTarget;
			buildConfigurationList = 6436914D2562336C005C448D /* Build configuration list for PBXNativeTarget "iDine" */;
			buildPhases = (
				643691242562336A005C448D /* Sources */,
				643691252562336A005C448D /* Frameworks */,
				643691262562336A005C448D /* Resources */,
			);
			buildRules = (
			);
			dependencies = (
			);
			name = iDine;
			productName = iDine;
			productReference = 643691282562336B005C448D /* iDine.app */;
			productType = "com.apple.product-type.application";
		};
		643691382562336C005C448D /* iDineTests */ = {
			isa = PBXNativeTarget;
			buildConfigurationList = 643691502562336C005C448D /* Build configuration list for PBXNativeTarget "iDineTests" */;
			buildPhases = (
				643691352562336C005C448D /* Sources */,
				643691362562336C005C448D /* Frameworks */,
				643691372562336C005C448D /* Resources */,
			);
			buildRules = (
			);
			dependencies = (
				6436913B2562336C005C448D /* PBXTargetDependency */,
			);
			name = iDineTests;
			productName = iDineTests;
			productReference = 643691392562336C005C448D /* iDineTests.xctest */;
			productType = "com.apple.product-type.bundle.unit-test";
		};
		643691432562336C005C448D /* iDineUITests */ = {
			isa = PBXNativeTarget;
			buildConfigurationList = 643691532562336C005C448D /* Build configuration list for PBXNativeTarget "iDineUITests" */;
			buildPhases = (
				643691402562336C005C448D /* Sources */,
				643691412562336C005C448D /* Frameworks */,
				643691422562336C005C448D /* Resources */,
			);
			buildRules = (
			);
			dependencies = (
				643691462562336C005C448D /* PBXTargetDependency */,
			);
			name = iDineUITests;
			productName = iDineUITests;
			productReference = 643691442562336C005C448D /* iDineUITests.xctest */;
			productType = "com.apple.product-type.bundle.ui-testing";
		};
/* End PBXNativeTarget section */

/* Begin PBXProject section */
		643691202562336A005C448D /* Project object */ = {
			isa = PBXProject;
			attributes = {
				LastSwiftUpdateCheck = 1220;
				LastUpgradeCheck = 1220;
				TargetAttributes = {
					643691272562336A005C448D = {
						CreatedOnToolsVersion = 12.2;
					};
					643691382562336C005C448D = {
						CreatedOnToolsVersion = 12.2;
						TestTargetID = 643691272562336A005C448D;
					};
					643691432562336C005C448D = {
						CreatedOnToolsVersion = 12.2;
						TestTargetID = 643691272562336A005C448D;
					};
				};
			};
			buildConfigurationList = 643691232562336A005C448D /* Build configuration list for PBXProject "iDine" */;
			compatibilityVersion = "Xcode 9.3";
			developmentRegion = en;
			hasScannedForEncodings = 0;
			knownRegions = (
				en,
				Base,
			);
			mainGroup = 6436911F2562336A005C448D;
			productRefGroup = 643691292562336B005C448D /* Products */;
			projectDirPath = "";
			projectRoot = "";
			targets = (
				643691272562336A005C448D /* iDine */,
				643691382562336C005C448D /* iDineTests */,
				643691432562336C005C448D /* iDineUITests */,
			);
		};
/* End PBXProject section */

/* Begin PBXResourcesBuildPhase section */
		643691262562336A005C448D /* Resources */ = {
			isa = PBXResourcesBuildPhase;
			buildActionMask = 2147483647;
			files = (
				6436915E25623571005C448D /* menu.json in Resources */,
				643691332562336C005C448D /* Preview Assets.xcassets in Resources */,
				643691302562336C005C448D /* Assets.xcassets in Resources */,
			);
			runOnlyForDeploymentPostprocessing = 0;
		};
		643691372562336C005C448D /* Resources */ = {
			isa = PBXResourcesBuildPhase;
			buildActionMask = 2147483647;
			files = (
			);
			runOnlyForDeploymentPostprocessing = 0;
		};
		643691422562336C005C448D /* Resources */ = {
			isa = PBXResourcesBuildPhase;
			buildActionMask = 2147483647;
			files = (
			);
			runOnlyForDeploymentPostprocessing = 0;
		};
/* End PBXResourcesBuildPhase section */

/* Begin PBXSourcesBuildPhase section */
		643691242562336A005C448D /* Sources */ = {
			isa = PBXSourcesBuildPhase;
			buildActionMask = 2147483647;
			files = (
				6436916F25624337005C448D /* ItemDetail.swift in Sources */,
				64369174256247B2005C448D /* OrderView.swift in Sources */,
				6436917E25624BA5005C448D /* CheckoutView.swift in Sources */,
				643691792562487D005C448D /* AppView.swift in Sources */,
				6436916025623571005C448D /* Menu.swift in Sources */,
				6436912E2562336B005C448D /* ContentView.swift in Sources */,
				6436916225623571005C448D /* Order.swift in Sources */,
				6436916A25623ECE005C448D /* ItemRow.swift in Sources */,
				6436912C2562336B005C448D /* iDineApp.swift in Sources */,
				6436916125623571005C448D /* Helper.swift in Sources */,
			);
			runOnlyForDeploymentPostprocessing = 0;
		};
		643691352562336C005C448D /* Sources */ = {
			isa = PBXSourcesBuildPhase;
			buildActionMask = 2147483647;
			files = (
				6436913E2562336C005C448D /* iDineTests.swift in Sources */,
			);
			runOnlyForDeploymentPostprocessing = 0;
		};
		643691402562336C005C448D /* Sources */ = {
			isa = PBXSourcesBuildPhase;
			buildActionMask = 2147483647;
			files = (
				643691492562336C005C448D /* iDineUITests.swift in Sources */,
			);
			runOnlyForDeploymentPostprocessing = 0;
		};
/* End PBXSourcesBuildPhase section */

/* Begin PBXTargetDependency section */
		6436913B2562336C005C448D /* PBXTargetDependency */ = {
			isa = PBXTargetDependency;
			target = 643691272562336A005C448D /* iDine */;
			targetProxy = 6436913A2562336C005C448D /* PBXContainerItemProxy */;
		};
		643691462562336C005C448D /* PBXTargetDependency */ = {
			isa = PBXTargetDependency;
			target = 643691272562336A005C448D /* iDine */;
			targetProxy = 643691452562336C005C448D /* PBXContainerItemProxy */;
		};
/* End PBXTargetDependency section */

/* Begin XCBuildConfiguration section */
		6436914B2562336C005C448D /* Debug */ = {
			isa = XCBuildConfiguration;
			buildSettings = {
				ALWAYS_SEARCH_USER_PATHS = NO;
				CLANG_ANALYZER_NONNULL = YES;
				CLANG_ANALYZER_NUMBER_OBJECT_CONVERSION = YES_AGGRESSIVE;
				CLANG_CXX_LANGUAGE_STANDARD = "gnu++14";
				CLANG_CXX_LIBRARY = "libc++";
				CLANG_ENABLE_MODULES = YES;
				CLANG_ENABLE_OBJC_ARC = YES;
				CLANG_ENABLE_OBJC_WEAK = YES;
				CLANG_WARN_BLOCK_CAPTURE_AUTORELEASING = YES;
				CLANG_WARN_BOOL_CONVERSION = YES;
				CLANG_WARN_COMMA = YES;
				CLANG_WARN_CONSTANT_CONVERSION = YES;
				CLANG_WARN_DEPRECATED_OBJC_IMPLEMENTATIONS = YES;
				CLANG_WARN_DIRECT_OBJC_ISA_USAGE = YES_ERROR;
				CLANG_WARN_DOCUMENTATION_COMMENTS = YES;
				CLANG_WARN_EMPTY_BODY = YES;
				CLANG_WARN_ENUM_CONVERSION = YES;
				CLANG_WARN_INFINITE_RECURSION = YES;
				CLANG_WARN_INT_CONVERSION = YES;
				CLANG_WARN_NON_LITERAL_NULL_CONVERSION = YES;
				CLANG_WARN_OBJC_IMPLICIT_RETAIN_SELF = YES;
				CLANG_WARN_OBJC_LITERAL_CONVERSION = YES;
				CLANG_WARN_OBJC_ROOT_CLASS = YES_ERROR;
				CLANG_WARN_QUOTED_INCLUDE_IN_FRAMEWORK_HEADER = YES;
				CLANG_WARN_RANGE_LOOP_ANALYSIS = YES;
				CLANG_WARN_STRICT_PROTOTYPES = YES;
				CLANG_WARN_SUSPICIOUS_MOVE = YES;
				CLANG_WARN_UNGUARDED_AVAILABILITY = YES_AGGRESSIVE;
				CLANG_WARN_UNREACHABLE_CODE = YES;
				CLANG_WARN__DUPLICATE_METHOD_MATCH = YES;
				COPY_PHASE_STRIP = NO;
				DEBUG_INFORMATION_FORMAT = dwarf;
				ENABLE_STRICT_OBJC_MSGSEND = YES;
				ENABLE_TESTABILITY = YES;
				GCC_C_LANGUAGE_STANDARD = gnu11;
				GCC_DYNAMIC_NO_PIC = NO;
				GCC_NO_COMMON_BLOCKS = YES;
				GCC_OPTIMIZATION_LEVEL = 0;
				GCC_PREPROCESSOR_DEFINITIONS = (
					"DEBUG=1",
					"$(inherited)",
				);
				GCC_WARN_64_TO_32_BIT_CONVERSION = YES;
				GCC_WARN_ABOUT_RETURN_TYPE = YES_ERROR;
				GCC_WARN_UNDECLARED_SELECTOR = YES;
				GCC_WARN_UNINITIALIZED_AUTOS = YES_AGGRESSIVE;
				GCC_WARN_UNUSED_FUNCTION = YES;
				GCC_WARN_UNUSED_VARIABLE = YES;
				IPHONEOS_DEPLOYMENT_TARGET = 14.2;
				MTL_ENABLE_DEBUG_INFO = INCLUDE_SOURCE;
				MTL_FAST_MATH = YES;
				ONLY_ACTIVE_ARCH = YES;
				SDKROOT = iphoneos;
				SWIFT_ACTIVE_COMPILATION_CONDITIONS = DEBUG;
				SWIFT_OPTIMIZATION_LEVEL = "-Onone";
			};
			name = Debug;
		};
		6436914C2562336C005C448D /* Release */ = {
			isa = XCBuildConfiguration;
			buildSettings = {
				ALWAYS_SEARCH_USER_PATHS = NO;
				CLANG_ANALYZER_NONNULL = YES;
				CLANG_ANALYZER_NUMBER_OBJECT_CONVERSION = YES_AGGRESSIVE;
				CLANG_CXX_LANGUAGE_STANDARD = "gnu++14";
				CLANG_CXX_LIBRARY = "libc++";
				CLANG_ENABLE_MODULES = YES;
				CLANG_ENABLE_OBJC_ARC = YES;
				CLANG_ENABLE_OBJC_WEAK = YES;
				CLANG_WARN_BLOCK_CAPTURE_AUTORELEASING = YES;
				CLANG_WARN_BOOL_CONVERSION = YES;
				CLANG_WARN_COMMA = YES;
				CLANG_WARN_CONSTANT_CONVERSION = YES;
				CLANG_WARN_DEPRECATED_OBJC_IMPLEMENTATIONS = YES;
				CLANG_WARN_DIRECT_OBJC_ISA_USAGE = YES_ERROR;
				CLANG_WARN_DOCUMENTATION_COMMENTS = YES;
				CLANG_WARN_EMPTY_BODY = YES;
				CLANG_WARN_ENUM_CONVERSION = YES;
				CLANG_WARN_INFINITE_RECURSION = YES;
				CLANG_WARN_INT_CONVERSION = YES;
				CLANG_WARN_NON_LITERAL_NULL_CONVERSION = YES;
				CLANG_WARN_OBJC_IMPLICIT_RETAIN_SELF = YES;
				CLANG_WARN_OBJC_LITERAL_CONVERSION = YES;
				CLANG_WARN_OBJC_ROOT_CLASS = YES_ERROR;
				CLANG_WARN_QUOTED_INCLUDE_IN_FRAMEWORK_HEADER = YES;
				CLANG_WARN_RANGE_LOOP_ANALYSIS = YES;
				CLANG_WARN_STRICT_PROTOTYPES = YES;
				CLANG_WARN_SUSPICIOUS_MOVE = YES;
				CLANG_WARN_UNGUARDED_AVAILABILITY = YES_AGGRESSIVE;
				CLANG_WARN_UNREACHABLE_CODE = YES;
				CLANG_WARN__DUPLICATE_METHOD_MATCH = YES;
				COPY_PHASE_STRIP = NO;
				DEBUG_INFORMATION_FORMAT = "dwarf-with-dsym";
				ENABLE_NS_ASSERTIONS = NO;
				ENABLE_STRICT_OBJC_MSGSEND = YES;
				GCC_C_LANGUAGE_STANDARD = gnu11;
				GCC_NO_COMMON_BLOCKS = YES;
				GCC_WARN_64_TO_32_BIT_CONVERSION = YES;
				GCC_WARN_ABOUT_RETURN_TYPE = YES_ERROR;
				GCC_WARN_UNDECLARED_SELECTOR = YES;
				GCC_WARN_UNINITIALIZED_AUTOS = YES_AGGRESSIVE;
				GCC_WARN_UNUSED_FUNCTION = YES;
				GCC_WARN_UNUSED_VARIABLE = YES;
				IPHONEOS_DEPLOYMENT_TARGET = 14.2;
				MTL_ENABLE_DEBUG_INFO = NO;
				MTL_FAST_MATH = YES;
				SDKROOT = iphoneos;
				SWIFT_COMPILATION_MODE = wholemodule;
				SWIFT_OPTIMIZATION_LEVEL = "-O";
				VALIDATE_PRODUCT = YES;
			};
			name = Release;
		};
		6436914E2562336C005C448D /* Debug */ = {
			isa = XCBuildConfiguration;
			buildSettings = {
				ASSETCATALOG_COMPILER_APPICON_NAME = AppIcon;
				ASSETCATALOG_COMPILER_GLOBAL_ACCENT_COLOR_NAME = AccentColor;
				CODE_SIGN_STYLE = Automatic;
				DEVELOPMENT_ASSET_PATHS = "\"iDine/Preview Content\"";
				ENABLE_PREVIEWS = YES;
				INFOPLIST_FILE = iDine/Info.plist;
				IPHONEOS_DEPLOYMENT_TARGET = 14.0;
				LD_RUNPATH_SEARCH_PATHS = (
					"$(inherited)",
					"@executable_path/Frameworks",
				);
				PRODUCT_BUNDLE_IDENTIFIER = com.tango.iDine;
				PRODUCT_NAME = "$(TARGET_NAME)";
				SWIFT_VERSION = 5.0;
				TARGETED_DEVICE_FAMILY = "1,2";
			};
			name = Debug;
		};
		6436914F2562336C005C448D /* Release */ = {
			isa = XCBuildConfiguration;
			buildSettings = {
				ASSETCATALOG_COMPILER_APPICON_NAME = AppIcon;
				ASSETCATALOG_COMPILER_GLOBAL_ACCENT_COLOR_NAME = AccentColor;
				CODE_SIGN_STYLE = Automatic;
				DEVELOPMENT_ASSET_PATHS = "\"iDine/Preview Content\"";
				ENABLE_PREVIEWS = YES;
				INFOPLIST_FILE = iDine/Info.plist;
				IPHONEOS_DEPLOYMENT_TARGET = 14.0;
				LD_RUNPATH_SEARCH_PATHS = (
					"$(inherited)",
					"@executable_path/Frameworks",
				);
				PRODUCT_BUNDLE_IDENTIFIER = com.tango.iDine;
				PRODUCT_NAME = "$(TARGET_NAME)";
				SWIFT_VERSION = 5.0;
				TARGETED_DEVICE_FAMILY = "1,2";
			};
			name = Release;
		};
		643691512562336C005C448D /* Debug */ = {
			isa = XCBuildConfiguration;
			buildSettings = {
				ALWAYS_EMBED_SWIFT_STANDARD_LIBRARIES = YES;
				BUNDLE_LOADER = "$(TEST_HOST)";
				CODE_SIGN_STYLE = Automatic;
				INFOPLIST_FILE = iDineTests/Info.plist;
				IPHONEOS_DEPLOYMENT_TARGET = 14.0;
				LD_RUNPATH_SEARCH_PATHS = (
					"$(inherited)",
					"@executable_path/Frameworks",
					"@loader_path/Frameworks",
				);
				PRODUCT_BUNDLE_IDENTIFIER = com.tango.iDineTests;
				PRODUCT_NAME = "$(TARGET_NAME)";
				SWIFT_VERSION = 5.0;
				TARGETED_DEVICE_FAMILY = "1,2";
				TEST_HOST = "$(BUILT_PRODUCTS_DIR)/iDine.app/iDine";
			};
			name = Debug;
		};
		643691522562336C005C448D /* Release */ = {
			isa = XCBuildConfiguration;
			buildSettings = {
				ALWAYS_EMBED_SWIFT_STANDARD_LIBRARIES = YES;
				BUNDLE_LOADER = "$(TEST_HOST)";
				CODE_SIGN_STYLE = Automatic;
				INFOPLIST_FILE = iDineTests/Info.plist;
				IPHONEOS_DEPLOYMENT_TARGET = 14.0;
				LD_RUNPATH_SEARCH_PATHS = (
					"$(inherited)",
					"@executable_path/Frameworks",
					"@loader_path/Frameworks",
				);
				PRODUCT_BUNDLE_IDENTIFIER = com.tango.iDineTests;
				PRODUCT_NAME = "$(TARGET_NAME)";
				SWIFT_VERSION = 5.0;
				TARGETED_DEVICE_FAMILY = "1,2";
				TEST_HOST = "$(BUILT_PRODUCTS_DIR)/iDine.app/iDine";
			};
			name = Release;
		};
		643691542562336C005C448D /* Debug */ = {
			isa = XCBuildConfiguration;
			buildSettings = {
				ALWAYS_EMBED_SWIFT_STANDARD_LIBRARIES = YES;
				CODE_SIGN_STYLE = Automatic;
				INFOPLIST_FILE = iDineUITests/Info.plist;
				LD_RUNPATH_SEARCH_PATHS = (
					"$(inherited)",
					"@executable_path/Frameworks",
					"@loader_path/Frameworks",
				);
				PRODUCT_BUNDLE_IDENTIFIER = com.tango.iDineUITests;
				PRODUCT_NAME = "$(TARGET_NAME)";
				SWIFT_VERSION = 5.0;
				TARGETED_DEVICE_FAMILY = "1,2";
				TEST_TARGET_NAME = iDine;
			};
			name = Debug;
		};
		643691552562336C005C448D /* Release */ = {
			isa = XCBuildConfiguration;
			buildSettings = {
				ALWAYS_EMBED_SWIFT_STANDARD_LIBRARIES = YES;
				CODE_SIGN_STYLE = Automatic;
				INFOPLIST_FILE = iDineUITests/Info.plist;
				LD_RUNPATH_SEARCH_PATHS = (
					"$(inherited)",
					"@executable_path/Frameworks",
					"@loader_path/Frameworks",
				);
				PRODUCT_BUNDLE_IDENTIFIER = com.tango.iDineUITests;
				PRODUCT_NAME = "$(TARGET_NAME)";
				SWIFT_VERSION = 5.0;
				TARGETED_DEVICE_FAMILY = "1,2";
				TEST_TARGET_NAME = iDine;
			};
			name = Release;
		};
/* End XCBuildConfiguration section */

/* Begin XCConfigurationList section */
		643691232562336A005C448D /* Build configuration list for PBXProject "iDine" */ = {
			isa = XCConfigurationList;
			buildConfigurations = (
				6436914B2562336C005C448D /* Debug */,
				6436914C2562336C005C448D /* Release */,
			);
			defaultConfigurationIsVisible = 0;
			defaultConfigurationName = Release;
		};
		6436914D2562336C005C448D /* Build configuration list for PBXNativeTarget "iDine" */ = {
			isa = XCConfigurationList;
			buildConfigurations = (
				6436914E2562336C005C448D /* Debug */,
				6436914F2562336C005C448D /* Release */,
			);
			defaultConfigurationIsVisible = 0;
			defaultConfigurationName = Release;
		};
		643691502562336C005C448D /* Build configuration list for PBXNativeTarget "iDineTests" */ = {
			isa = XCConfigurationList;
			buildConfigurations = (
				643691512562336C005C448D /* Debug */,
				643691522562336C005C448D /* Release */,
			);
			defaultConfigurationIsVisible = 0;
			defaultConfigurationName = Release;
		};
		643691532562336C005C448D /* Build configuration list for PBXNativeTarget "iDineUITests" */ = {
			isa = XCConfigurationList;
			buildConfigurations = (
				643691542562336C005C448D /* Debug */,
				643691552562336C005C448D /* Release */,
			);
			defaultConfigurationIsVisible = 0;
			defaultConfigurationName = Release;
		};
/* End XCConfigurationList section */
	};
	rootObject = 643691202562336A005C448D /* Project object */;
}
